
Microsoft Visual Studio Solution File, Format Version 12.00
# Visual Studio Version 17
VisualStudioVersion = 17.0.31903.59
MinimumVisualStudioVersion = 10.0.40219.1
Project("{9A19103F-16F7-4668-BE54-9A1E7A4F7556}") = "Xyzu.Droid.Extensions", "Xyzu.Droid.Extensions\Xyzu.Droid.Extensions.csproj", "{E7DBE12A-7944-493F-BC5C-0D4A663609A2}"
EndProject
Project("{9A19103F-16F7-4668-BE54-9A1E7A4F7556}") = "Xyzu.Droid.Player", "Xyzu.Droid.Player\Xyzu.Droid.Player.csproj", "{A0EF8FF8-2016-4229-81DD-FE40022DBA6C}"
EndProject
Project("{9A19103F-16F7-4668-BE54-9A1E7A4F7556}") = "Xyzu", "Xyzu\Xyzu.csproj", "{2354AD85-82D1-4471-814C-C4350C8E91F5}"
EndProject
Project("{9A19103F-16F7-4668-BE54-9A1E7A4F7556}") = "Xyzu.Droid", "Xyzu.Droid\Xyzu.Droid.csproj", "{12C8A9ED-3DFB-4BB6-AEA3-63A59E3052E8}"
EndProject
Project("{9A19103F-16F7-4668-BE54-9A1E7A4F7556}") = "Xyzu.Droid.Library", "Xyzu.Droid.Library\Xyzu.Droid.Library.csproj", "{FE1BD178-07F3-4A98-9B0E-41167873A4C1}"
EndProject
Project("{9A19103F-16F7-4668-BE54-9A1E7A4F7556}") = "Xyzu.Droid.Images", "Xyzu.Droid.Images\Xyzu.Droid.Images.csproj", "{97EE1305-E067-48A4-BE14-AF685D74C10E}"
EndProject
Project("{9A19103F-16F7-4668-BE54-9A1E7A4F7556}") = "SeekArc.Droid", "SeekArc.Droid\SeekArc.Droid.csproj", "{BA74F417-06FB-4A96-9A25-2FC4AC18A4F5}"
EndProject
Project("{FAE04EC0-301F-11D3-BF4B-00C04F79EFBC}") = "BoxedVerticalSeekBar", "BoxedVerticalSeekBar\BoxedVerticalSeekBar.csproj", "{69F86E9D-843F-48BB-AFB8-37F89B6A98C5}"
EndProject
Global
	GlobalSection(SolutionConfigurationPlatforms) = preSolution
		Debug|Any CPU = Debug|Any CPU
		Debug|ARM32 = Debug|ARM32
		Debug|ARM64 = Debug|ARM64
		Debug|x64 = Debug|x64
		Debug|x86 = Debug|x86
		Release|Any CPU = Release|Any CPU
		Release|ARM32 = Release|ARM32
		Release|ARM64 = Release|ARM64
		Release|x64 = Release|x64
		Release|x86 = Release|x86
	EndGlobalSection
	GlobalSection(ProjectConfigurationPlatforms) = postSolution
		{E7DBE12A-7944-493F-BC5C-0D4A663609A2}.Debug|Any CPU.ActiveCfg = Debug|Any CPU
		{E7DBE12A-7944-493F-BC5C-0D4A663609A2}.Debug|Any CPU.Build.0 = Debug|Any CPU
		{E7DBE12A-7944-493F-BC5C-0D4A663609A2}.Debug|ARM32.ActiveCfg = Debug|ARM32
		{E7DBE12A-7944-493F-BC5C-0D4A663609A2}.Debug|ARM32.Build.0 = Debug|ARM32
		{E7DBE12A-7944-493F-BC5C-0D4A663609A2}.Debug|ARM64.ActiveCfg = Debug|ARM64
		{E7DBE12A-7944-493F-BC5C-0D4A663609A2}.Debug|ARM64.Build.0 = Debug|ARM64
		{E7DBE12A-7944-493F-BC5C-0D4A663609A2}.Debug|ARM64.Deploy.0 = Debug|ARM64
		{E7DBE12A-7944-493F-BC5C-0D4A663609A2}.Debug|x64.ActiveCfg = Debug|x64
		{E7DBE12A-7944-493F-BC5C-0D4A663609A2}.Debug|x64.Build.0 = Debug|x64
		{E7DBE12A-7944-493F-BC5C-0D4A663609A2}.Debug|x64.Deploy.0 = Debug|x64
		{E7DBE12A-7944-493F-BC5C-0D4A663609A2}.Debug|x86.ActiveCfg = Debug|x86
		{E7DBE12A-7944-493F-BC5C-0D4A663609A2}.Debug|x86.Build.0 = Debug|x86
		{E7DBE12A-7944-493F-BC5C-0D4A663609A2}.Debug|x86.Deploy.0 = Debug|x86
		{E7DBE12A-7944-493F-BC5C-0D4A663609A2}.Release|Any CPU.ActiveCfg = Release|Any CPU
		{E7DBE12A-7944-493F-BC5C-0D4A663609A2}.Release|Any CPU.Build.0 = Release|Any CPU
		{E7DBE12A-7944-493F-BC5C-0D4A663609A2}.Release|ARM32.ActiveCfg = Release|ARM32
		{E7DBE12A-7944-493F-BC5C-0D4A663609A2}.Release|ARM32.Build.0 = Release|ARM32
		{E7DBE12A-7944-493F-BC5C-0D4A663609A2}.Release|ARM32.Deploy.0 = Release|ARM32
		{E7DBE12A-7944-493F-BC5C-0D4A663609A2}.Release|ARM64.ActiveCfg = Release|ARM64
		{E7DBE12A-7944-493F-BC5C-0D4A663609A2}.Release|ARM64.Build.0 = Release|ARM64
		{E7DBE12A-7944-493F-BC5C-0D4A663609A2}.Release|ARM64.Deploy.0 = Release|ARM64
		{E7DBE12A-7944-493F-BC5C-0D4A663609A2}.Release|x64.ActiveCfg = Release|x64
		{E7DBE12A-7944-493F-BC5C-0D4A663609A2}.Release|x64.Build.0 = Release|x64
		{E7DBE12A-7944-493F-BC5C-0D4A663609A2}.Release|x64.Deploy.0 = Release|x64
		{E7DBE12A-7944-493F-BC5C-0D4A663609A2}.Release|x86.ActiveCfg = Release|x86
		{E7DBE12A-7944-493F-BC5C-0D4A663609A2}.Release|x86.Build.0 = Release|x86
		{E7DBE12A-7944-493F-BC5C-0D4A663609A2}.Release|x86.Deploy.0 = Release|x86
		{A0EF8FF8-2016-4229-81DD-FE40022DBA6C}.Debug|Any CPU.ActiveCfg = Debug|Any CPU
		{A0EF8FF8-2016-4229-81DD-FE40022DBA6C}.Debug|Any CPU.Build.0 = Debug|Any CPU
		{A0EF8FF8-2016-4229-81DD-FE40022DBA6C}.Debug|ARM32.ActiveCfg = Debug|ARM32
		{A0EF8FF8-2016-4229-81DD-FE40022DBA6C}.Debug|ARM32.Build.0 = Debug|ARM32
		{A0EF8FF8-2016-4229-81DD-FE40022DBA6C}.Debug|ARM64.ActiveCfg = Debug|ARM64
		{A0EF8FF8-2016-4229-81DD-FE40022DBA6C}.Debug|ARM64.Build.0 = Debug|ARM64
		{A0EF8FF8-2016-4229-81DD-FE40022DBA6C}.Debug|ARM64.Deploy.0 = Debug|ARM64
		{A0EF8FF8-2016-4229-81DD-FE40022DBA6C}.Debug|x64.ActiveCfg = Debug|x64
		{A0EF8FF8-2016-4229-81DD-FE40022DBA6C}.Debug|x64.Build.0 = Debug|x64
		{A0EF8FF8-2016-4229-81DD-FE40022DBA6C}.Debug|x64.Deploy.0 = Debug|x64
		{A0EF8FF8-2016-4229-81DD-FE40022DBA6C}.Debug|x86.ActiveCfg = Debug|x86
		{A0EF8FF8-2016-4229-81DD-FE40022DBA6C}.Debug|x86.Build.0 = Debug|x86
		{A0EF8FF8-2016-4229-81DD-FE40022DBA6C}.Debug|x86.Deploy.0 = Debug|x86
		{A0EF8FF8-2016-4229-81DD-FE40022DBA6C}.Release|Any CPU.ActiveCfg = Release|Any CPU
		{A0EF8FF8-2016-4229-81DD-FE40022DBA6C}.Release|Any CPU.Build.0 = Release|Any CPU
		{A0EF8FF8-2016-4229-81DD-FE40022DBA6C}.Release|ARM32.ActiveCfg = Release|ARM32
		{A0EF8FF8-2016-4229-81DD-FE40022DBA6C}.Release|ARM32.Build.0 = Release|ARM32
		{A0EF8FF8-2016-4229-81DD-FE40022DBA6C}.Release|ARM32.Deploy.0 = Release|ARM32
		{A0EF8FF8-2016-4229-81DD-FE40022DBA6C}.Release|ARM64.ActiveCfg = Release|ARM64
		{A0EF8FF8-2016-4229-81DD-FE40022DBA6C}.Release|ARM64.Build.0 = Release|ARM64
		{A0EF8FF8-2016-4229-81DD-FE40022DBA6C}.Release|ARM64.Deploy.0 = Release|ARM64
		{A0EF8FF8-2016-4229-81DD-FE40022DBA6C}.Release|x64.ActiveCfg = Release|x64
		{A0EF8FF8-2016-4229-81DD-FE40022DBA6C}.Release|x64.Build.0 = Release|x64
		{A0EF8FF8-2016-4229-81DD-FE40022DBA6C}.Release|x64.Deploy.0 = Release|x64
		{A0EF8FF8-2016-4229-81DD-FE40022DBA6C}.Release|x86.ActiveCfg = Release|x86
		{A0EF8FF8-2016-4229-81DD-FE40022DBA6C}.Release|x86.Build.0 = Release|x86
		{A0EF8FF8-2016-4229-81DD-FE40022DBA6C}.Release|x86.Deploy.0 = Release|x86
		{2354AD85-82D1-4471-814C-C4350C8E91F5}.Debug|Any CPU.ActiveCfg = Debug|Any CPU
		{2354AD85-82D1-4471-814C-C4350C8E91F5}.Debug|Any CPU.Build.0 = Debug|Any CPU
		{2354AD85-82D1-4471-814C-C4350C8E91F5}.Debug|ARM32.ActiveCfg = Debug|ARM32
		{2354AD85-82D1-4471-814C-C4350C8E91F5}.Debug|ARM32.Build.0 = Debug|ARM32
		{2354AD85-82D1-4471-814C-C4350C8E91F5}.Debug|ARM64.ActiveCfg = Debug|ARM64
		{2354AD85-82D1-4471-814C-C4350C8E91F5}.Debug|ARM64.Build.0 = Debug|ARM64
		{2354AD85-82D1-4471-814C-C4350C8E91F5}.Debug|x64.ActiveCfg = Debug|Any CPU
		{2354AD85-82D1-4471-814C-C4350C8E91F5}.Debug|x64.Build.0 = Debug|Any CPU
		{2354AD85-82D1-4471-814C-C4350C8E91F5}.Debug|x86.ActiveCfg = Debug|x86
		{2354AD85-82D1-4471-814C-C4350C8E91F5}.Debug|x86.Build.0 = Debug|x86
		{2354AD85-82D1-4471-814C-C4350C8E91F5}.Release|Any CPU.ActiveCfg = Release|Any CPU
		{2354AD85-82D1-4471-814C-C4350C8E91F5}.Release|Any CPU.Build.0 = Release|Any CPU
		{2354AD85-82D1-4471-814C-C4350C8E91F5}.Release|ARM32.ActiveCfg = Release|ARM32
		{2354AD85-82D1-4471-814C-C4350C8E91F5}.Release|ARM32.Build.0 = Release|ARM32
		{2354AD85-82D1-4471-814C-C4350C8E91F5}.Release|ARM64.ActiveCfg = Release|ARM64
		{2354AD85-82D1-4471-814C-C4350C8E91F5}.Release|ARM64.Build.0 = Release|ARM64
		{2354AD85-82D1-4471-814C-C4350C8E91F5}.Release|x64.ActiveCfg = Release|Any CPU
		{2354AD85-82D1-4471-814C-C4350C8E91F5}.Release|x64.Build.0 = Release|Any CPU
		{2354AD85-82D1-4471-814C-C4350C8E91F5}.Release|x86.ActiveCfg = Release|x86
		{2354AD85-82D1-4471-814C-C4350C8E91F5}.Release|x86.Build.0 = Release|x86
		{12C8A9ED-3DFB-4BB6-AEA3-63A59E3052E8}.Debug|Any CPU.ActiveCfg = Debug|Any CPU
		{12C8A9ED-3DFB-4BB6-AEA3-63A59E3052E8}.Debug|Any CPU.Build.0 = Debug|Any CPU
		{12C8A9ED-3DFB-4BB6-AEA3-63A59E3052E8}.Debug|Any CPU.Deploy.0 = Debug|Any CPU
		{12C8A9ED-3DFB-4BB6-AEA3-63A59E3052E8}.Debug|ARM32.ActiveCfg = Debug|ARM32
		{12C8A9ED-3DFB-4BB6-AEA3-63A59E3052E8}.Debug|ARM32.Build.0 = Debug|ARM32
		{12C8A9ED-3DFB-4BB6-AEA3-63A59E3052E8}.Debug|ARM32.Deploy.0 = Debug|ARM32
		{12C8A9ED-3DFB-4BB6-AEA3-63A59E3052E8}.Debug|ARM64.ActiveCfg = Debug|ARM64
		{12C8A9ED-3DFB-4BB6-AEA3-63A59E3052E8}.Debug|ARM64.Build.0 = Debug|ARM64
		{12C8A9ED-3DFB-4BB6-AEA3-63A59E3052E8}.Debug|ARM64.Deploy.0 = Debug|ARM64
		{12C8A9ED-3DFB-4BB6-AEA3-63A59E3052E8}.Debug|x64.ActiveCfg = Debug|Any CPU
		{12C8A9ED-3DFB-4BB6-AEA3-63A59E3052E8}.Debug|x64.Build.0 = Debug|Any CPU
		{12C8A9ED-3DFB-4BB6-AEA3-63A59E3052E8}.Debug|x64.Deploy.0 = Debug|Any CPU
		{12C8A9ED-3DFB-4BB6-AEA3-63A59E3052E8}.Debug|x86.ActiveCfg = Debug|x86
		{12C8A9ED-3DFB-4BB6-AEA3-63A59E3052E8}.Debug|x86.Build.0 = Debug|x86
		{12C8A9ED-3DFB-4BB6-AEA3-63A59E3052E8}.Debug|x86.Deploy.0 = Debug|x86
		{12C8A9ED-3DFB-4BB6-AEA3-63A59E3052E8}.Release|Any CPU.ActiveCfg = Release|Any CPU
		{12C8A9ED-3DFB-4BB6-AEA3-63A59E3052E8}.Release|Any CPU.Build.0 = Release|Any CPU
		{12C8A9ED-3DFB-4BB6-AEA3-63A59E3052E8}.Release|Any CPU.Deploy.0 = Release|Any CPU
		{12C8A9ED-3DFB-4BB6-AEA3-63A59E3052E8}.Release|ARM32.ActiveCfg = Release|ARM32
		{12C8A9ED-3DFB-4BB6-AEA3-63A59E3052E8}.Release|ARM32.Build.0 = Release|ARM32
		{12C8A9ED-3DFB-4BB6-AEA3-63A59E3052E8}.Release|ARM32.Deploy.0 = Release|ARM32
		{12C8A9ED-3DFB-4BB6-AEA3-63A59E3052E8}.Release|ARM64.ActiveCfg = Release|ARM64
		{12C8A9ED-3DFB-4BB6-AEA3-63A59E3052E8}.Release|ARM64.Build.0 = Release|ARM64
		{12C8A9ED-3DFB-4BB6-AEA3-63A59E3052E8}.Release|ARM64.Deploy.0 = Release|ARM64
		{12C8A9ED-3DFB-4BB6-AEA3-63A59E3052E8}.Release|x64.ActiveCfg = Release|Any CPU
		{12C8A9ED-3DFB-4BB6-AEA3-63A59E3052E8}.Release|x64.Build.0 = Release|Any CPU
		{12C8A9ED-3DFB-4BB6-AEA3-63A59E3052E8}.Release|x64.Deploy.0 = Release|Any CPU
		{12C8A9ED-3DFB-4BB6-AEA3-63A59E3052E8}.Release|x86.ActiveCfg = Release|x86
		{12C8A9ED-3DFB-4BB6-AEA3-63A59E3052E8}.Release|x86.Build.0 = Release|x86
		{12C8A9ED-3DFB-4BB6-AEA3-63A59E3052E8}.Release|x86.Deploy.0 = Release|x86
		{FE1BD178-07F3-4A98-9B0E-41167873A4C1}.Debug|Any CPU.ActiveCfg = Debug|Any CPU
		{FE1BD178-07F3-4A98-9B0E-41167873A4C1}.Debug|Any CPU.Build.0 = Debug|Any CPU
		{FE1BD178-07F3-4A98-9B0E-41167873A4C1}.Debug|ARM32.ActiveCfg = Debug|ARM32
		{FE1BD178-07F3-4A98-9B0E-41167873A4C1}.Debug|ARM32.Build.0 = Debug|ARM32
		{FE1BD178-07F3-4A98-9B0E-41167873A4C1}.Debug|ARM64.ActiveCfg = Debug|ARM64
		{FE1BD178-07F3-4A98-9B0E-41167873A4C1}.Debug|ARM64.Build.0 = Debug|ARM64
		{FE1BD178-07F3-4A98-9B0E-41167873A4C1}.Debug|ARM64.Deploy.0 = Debug|ARM64
		{FE1BD178-07F3-4A98-9B0E-41167873A4C1}.Debug|x64.ActiveCfg = Debug|Any CPU
		{FE1BD178-07F3-4A98-9B0E-41167873A4C1}.Debug|x64.Build.0 = Debug|Any CPU
		{FE1BD178-07F3-4A98-9B0E-41167873A4C1}.Debug|x64.Deploy.0 = Debug|Any CPU
		{FE1BD178-07F3-4A98-9B0E-41167873A4C1}.Debug|x86.ActiveCfg = Debug|Any CPU
		{FE1BD178-07F3-4A98-9B0E-41167873A4C1}.Debug|x86.Build.0 = Debug|Any CPU
		{FE1BD178-07F3-4A98-9B0E-41167873A4C1}.Debug|x86.Deploy.0 = Debug|Any CPU
		{FE1BD178-07F3-4A98-9B0E-41167873A4C1}.Release|Any CPU.ActiveCfg = Release|Any CPU
		{FE1BD178-07F3-4A98-9B0E-41167873A4C1}.Release|Any CPU.Build.0 = Release|Any CPU
		{FE1BD178-07F3-4A98-9B0E-41167873A4C1}.Release|ARM32.ActiveCfg = Release|ARM32
		{FE1BD178-07F3-4A98-9B0E-41167873A4C1}.Release|ARM32.Build.0 = Release|ARM32
		{FE1BD178-07F3-4A98-9B0E-41167873A4C1}.Release|ARM32.Deploy.0 = Release|ARM32
		{FE1BD178-07F3-4A98-9B0E-41167873A4C1}.Release|ARM64.ActiveCfg = Release|ARM64
		{FE1BD178-07F3-4A98-9B0E-41167873A4C1}.Release|ARM64.Build.0 = Release|ARM64
		{FE1BD178-07F3-4A98-9B0E-41167873A4C1}.Release|ARM64.Deploy.0 = Release|ARM64
		{FE1BD178-07F3-4A98-9B0E-41167873A4C1}.Release|x64.ActiveCfg = Release|Any CPU
		{FE1BD178-07F3-4A98-9B0E-41167873A4C1}.Release|x64.Build.0 = Release|Any CPU
		{FE1BD178-07F3-4A98-9B0E-41167873A4C1}.Release|x64.Deploy.0 = Release|Any CPU
		{FE1BD178-07F3-4A98-9B0E-41167873A4C1}.Release|x86.ActiveCfg = Release|Any CPU
		{FE1BD178-07F3-4A98-9B0E-41167873A4C1}.Release|x86.Build.0 = Release|Any CPU
		{FE1BD178-07F3-4A98-9B0E-41167873A4C1}.Release|x86.Deploy.0 = Release|Any CPU
		{97EE1305-E067-48A4-BE14-AF685D74C10E}.Debug|Any CPU.ActiveCfg = Debug|Any CPU
		{97EE1305-E067-48A4-BE14-AF685D74C10E}.Debug|Any CPU.Build.0 = Debug|Any CPU
		{97EE1305-E067-48A4-BE14-AF685D74C10E}.Debug|ARM32.ActiveCfg = Debug|ARM32
		{97EE1305-E067-48A4-BE14-AF685D74C10E}.Debug|ARM32.Build.0 = Debug|ARM32
		{97EE1305-E067-48A4-BE14-AF685D74C10E}.Debug|ARM64.ActiveCfg = Debug|ARM64
		{97EE1305-E067-48A4-BE14-AF685D74C10E}.Debug|ARM64.Build.0 = Debug|ARM64
		{97EE1305-E067-48A4-BE14-AF685D74C10E}.Debug|ARM64.Deploy.0 = Debug|ARM64
		{97EE1305-E067-48A4-BE14-AF685D74C10E}.Debug|x64.ActiveCfg = Debug|Any CPU
		{97EE1305-E067-48A4-BE14-AF685D74C10E}.Debug|x64.Build.0 = Debug|Any CPU
		{97EE1305-E067-48A4-BE14-AF685D74C10E}.Debug|x64.Deploy.0 = Debug|Any CPU
		{97EE1305-E067-48A4-BE14-AF685D74C10E}.Debug|x86.ActiveCfg = Debug|Any CPU
		{97EE1305-E067-48A4-BE14-AF685D74C10E}.Debug|x86.Build.0 = Debug|Any CPU
		{97EE1305-E067-48A4-BE14-AF685D74C10E}.Debug|x86.Deploy.0 = Debug|Any CPU
		{97EE1305-E067-48A4-BE14-AF685D74C10E}.Release|Any CPU.ActiveCfg = Release|Any CPU
		{97EE1305-E067-48A4-BE14-AF685D74C10E}.Release|Any CPU.Build.0 = Release|Any CPU
		{97EE1305-E067-48A4-BE14-AF685D74C10E}.Release|Any CPU.Deploy.0 = Release|Any CPU
		{97EE1305-E067-48A4-BE14-AF685D74C10E}.Release|ARM32.ActiveCfg = Release|ARM32
		{97EE1305-E067-48A4-BE14-AF685D74C10E}.Release|ARM32.Build.0 = Release|ARM32
		{97EE1305-E067-48A4-BE14-AF685D74C10E}.Release|ARM32.Deploy.0 = Release|ARM32
		{97EE1305-E067-48A4-BE14-AF685D74C10E}.Release|ARM64.ActiveCfg = Release|ARM64
		{97EE1305-E067-48A4-BE14-AF685D74C10E}.Release|ARM64.Build.0 = Release|ARM64
		{97EE1305-E067-48A4-BE14-AF685D74C10E}.Release|ARM64.Deploy.0 = Release|ARM64
		{97EE1305-E067-48A4-BE14-AF685D74C10E}.Release|x64.ActiveCfg = Release|Any CPU
		{97EE1305-E067-48A4-BE14-AF685D74C10E}.Release|x64.Build.0 = Release|Any CPU
		{97EE1305-E067-48A4-BE14-AF685D74C10E}.Release|x64.Deploy.0 = Release|Any CPU
		{97EE1305-E067-48A4-BE14-AF685D74C10E}.Release|x86.ActiveCfg = Release|Any CPU
		{97EE1305-E067-48A4-BE14-AF685D74C10E}.Release|x86.Build.0 = Release|Any CPU
		{97EE1305-E067-48A4-BE14-AF685D74C10E}.Release|x86.Deploy.0 = Release|Any CPU
		{BA74F417-06FB-4A96-9A25-2FC4AC18A4F5}.Debug|Any CPU.ActiveCfg = Debug|Any CPU
		{BA74F417-06FB-4A96-9A25-2FC4AC18A4F5}.Debug|Any CPU.Build.0 = Debug|Any CPU
		{BA74F417-06FB-4A96-9A25-2FC4AC18A4F5}.Debug|ARM32.ActiveCfg = Debug|Any CPU
		{BA74F417-06FB-4A96-9A25-2FC4AC18A4F5}.Debug|ARM32.Build.0 = Debug|Any CPU
		{BA74F417-06FB-4A96-9A25-2FC4AC18A4F5}.Debug|ARM64.ActiveCfg = Debug|Any CPU
		{BA74F417-06FB-4A96-9A25-2FC4AC18A4F5}.Debug|ARM64.Build.0 = Debug|Any CPU
		{BA74F417-06FB-4A96-9A25-2FC4AC18A4F5}.Debug|x64.ActiveCfg = Debug|Any CPU
		{BA74F417-06FB-4A96-9A25-2FC4AC18A4F5}.Debug|x64.Build.0 = Debug|Any CPU
		{BA74F417-06FB-4A96-9A25-2FC4AC18A4F5}.Debug|x86.ActiveCfg = Debug|Any CPU
		{BA74F417-06FB-4A96-9A25-2FC4AC18A4F5}.Debug|x86.Build.0 = Debug|Any CPU
		{BA74F417-06FB-4A96-9A25-2FC4AC18A4F5}.Release|Any CPU.ActiveCfg = Release|Any CPU
		{BA74F417-06FB-4A96-9A25-2FC4AC18A4F5}.Release|Any CPU.Build.0 = Release|Any CPU
		{BA74F417-06FB-4A96-9A25-2FC4AC18A4F5}.Release|ARM32.ActiveCfg = Release|Any CPU
		{BA74F417-06FB-4A96-9A25-2FC4AC18A4F5}.Release|ARM32.Build.0 = Release|Any CPU
		{BA74F417-06FB-4A96-9A25-2FC4AC18A4F5}.Release|ARM64.ActiveCfg = Release|Any CPU
		{BA74F417-06FB-4A96-9A25-2FC4AC18A4F5}.Release|ARM64.Build.0 = Release|Any CPU
		{BA74F417-06FB-4A96-9A25-2FC4AC18A4F5}.Release|x64.ActiveCfg = Release|Any CPU
		{BA74F417-06FB-4A96-9A25-2FC4AC18A4F5}.Release|x64.Build.0 = Release|Any CPU
		{BA74F417-06FB-4A96-9A25-2FC4AC18A4F5}.Release|x86.ActiveCfg = Release|Any CPU
		{BA74F417-06FB-4A96-9A25-2FC4AC18A4F5}.Release|x86.Build.0 = Release|Any CPU
		{69F86E9D-843F-48BB-AFB8-37F89B6A98C5}.Debug|Any CPU.ActiveCfg = Debug|Any CPU
		{69F86E9D-843F-48BB-AFB8-37F89B6A98C5}.Debug|Any CPU.Build.0 = Debug|Any CPU
		{69F86E9D-843F-48BB-AFB8-37F89B6A98C5}.Debug|ARM32.ActiveCfg = Debug|Any CPU
		{69F86E9D-843F-48BB-AFB8-37F89B6A98C5}.Debug|ARM32.Build.0 = Debug|Any CPU
		{69F86E9D-843F-48BB-AFB8-37F89B6A98C5}.Debug|ARM64.ActiveCfg = Debug|Any CPU
		{69F86E9D-843F-48BB-AFB8-37F89B6A98C5}.Debug|ARM64.Build.0 = Debug|Any CPU
		{69F86E9D-843F-48BB-AFB8-37F89B6A98C5}.Debug|x64.ActiveCfg = Debug|Any CPU
		{69F86E9D-843F-48BB-AFB8-37F89B6A98C5}.Debug|x64.Build.0 = Debug|Any CPU
		{69F86E9D-843F-48BB-AFB8-37F89B6A98C5}.Debug|x86.ActiveCfg = Debug|Any CPU
		{69F86E9D-843F-48BB-AFB8-37F89B6A98C5}.Debug|x86.Build.0 = Debug|Any CPU
		{69F86E9D-843F-48BB-AFB8-37F89B6A98C5}.Release|Any CPU.ActiveCfg = Release|Any CPU
		{69F86E9D-843F-48BB-AFB8-37F89B6A98C5}.Release|Any CPU.Build.0 = Release|Any CPU
		{69F86E9D-843F-48BB-AFB8-37F89B6A98C5}.Release|ARM32.ActiveCfg = Release|Any CPU
		{69F86E9D-843F-48BB-AFB8-37F89B6A98C5}.Release|ARM32.Build.0 = Release|Any CPU
		{69F86E9D-843F-48BB-AFB8-37F89B6A98C5}.Release|ARM64.ActiveCfg = Release|Any CPU
		{69F86E9D-843F-48BB-AFB8-37F89B6A98C5}.Release|ARM64.Build.0 = Release|Any CPU
		{69F86E9D-843F-48BB-AFB8-37F89B6A98C5}.Release|x64.ActiveCfg = Release|Any CPU
		{69F86E9D-843F-48BB-AFB8-37F89B6A98C5}.Release|x64.Build.0 = Release|Any CPU
		{69F86E9D-843F-48BB-AFB8-37F89B6A98C5}.Release|x86.ActiveCfg = Release|Any CPU
		{69F86E9D-843F-48BB-AFB8-37F89B6A98C5}.Release|x86.Build.0 = Release|Any CPU
	EndGlobalSection
	GlobalSection(SolutionProperties) = preSolution
		HideSolutionNode = FALSE
	EndGlobalSection
	GlobalSection(ExtensibilityGlobals) = postSolution
		SolutionGuid = {15C0F1DA-5508-4D61-BBA4-8FAD0598968F}
	EndGlobalSection
EndGlobal
