
Microsoft Visual Studio Solution File, Format Version 12.00
# Visual Studio Version 17
VisualStudioVersion = 17.0.31903.59
MinimumVisualStudioVersion = 10.0.40219.1
Project("{9A19103F-16F7-4668-BE54-9A1E7A4F7556}") = "Xyzu.Droid.Extensions", "Xyzu.Droid.Extensions\Xyzu.Droid.Extensions.csproj", "{E7DBE12A-7944-493F-BC5C-0D4A663609A2}"
EndProject
Project("{9A19103F-16F7-4668-BE54-9A1E7A4F7556}") = "Xyzu.Droid.Player", "Xyzu.Droid.Player\Xyzu.Droid.Player.csproj", "{A0EF8FF8-2016-4229-81DD-FE40022DBA6C}"
EndProject
Project("{9A19103F-16F7-4668-BE54-9A1E7A4F7556}") = "Xyzu", "Xyzu\Xyzu.csproj", "{2354AD85-82D1-4471-814C-C4350C8E91F5}"
EndProject
Project("{9A19103F-16F7-4668-BE54-9A1E7A4F7556}") = "Xyzu.Droid", "Xyzu.Droid\Xyzu.Droid.csproj", "{12C8A9ED-3DFB-4BB6-AEA3-63A59E3052E8}"
EndProject
Project("{9A19103F-16F7-4668-BE54-9A1E7A4F7556}") = "Xyzu.Droid.Library", "Xyzu.Droid.Library\Xyzu.Droid.Library.csproj", "{FE1BD178-07F3-4A98-9B0E-41167873A4C1}"
EndProject
Global
	GlobalSection(SolutionConfigurationPlatforms) = preSolution
		Debug|Any CPU = Debug|Any CPU
		Release|Any CPU = Release|Any CPU
	EndGlobalSection
	GlobalSection(ProjectConfigurationPlatforms) = postSolution
		{E7DBE12A-7944-493F-BC5C-0D4A663609A2}.Debug|Any CPU.ActiveCfg = Debug|Any CPU
		{E7DBE12A-7944-493F-BC5C-0D4A663609A2}.Debug|Any CPU.Build.0 = Debug|Any CPU
		{E7DBE12A-7944-493F-BC5C-0D4A663609A2}.Release|Any CPU.ActiveCfg = Release|Any CPU
		{E7DBE12A-7944-493F-BC5C-0D4A663609A2}.Release|Any CPU.Build.0 = Release|Any CPU
		{A0EF8FF8-2016-4229-81DD-FE40022DBA6C}.Debug|Any CPU.ActiveCfg = Debug|Any CPU
		{A0EF8FF8-2016-4229-81DD-FE40022DBA6C}.Debug|Any CPU.Build.0 = Debug|Any CPU
		{A0EF8FF8-2016-4229-81DD-FE40022DBA6C}.Release|Any CPU.ActiveCfg = Release|Any CPU
		{A0EF8FF8-2016-4229-81DD-FE40022DBA6C}.Release|Any CPU.Build.0 = Release|Any CPU
		{2354AD85-82D1-4471-814C-C4350C8E91F5}.Debug|Any CPU.ActiveCfg = Debug|Any CPU
		{2354AD85-82D1-4471-814C-C4350C8E91F5}.Debug|Any CPU.Build.0 = Debug|Any CPU
		{2354AD85-82D1-4471-814C-C4350C8E91F5}.Release|Any CPU.ActiveCfg = Release|Any CPU
		{2354AD85-82D1-4471-814C-C4350C8E91F5}.Release|Any CPU.Build.0 = Release|Any CPU
		{12C8A9ED-3DFB-4BB6-AEA3-63A59E3052E8}.Debug|Any CPU.ActiveCfg = Debug|Any CPU
		{12C8A9ED-3DFB-4BB6-AEA3-63A59E3052E8}.Debug|Any CPU.Build.0 = Debug|Any CPU
		{12C8A9ED-3DFB-4BB6-AEA3-63A59E3052E8}.Debug|Any CPU.Deploy.0 = Debug|Any CPU
		{12C8A9ED-3DFB-4BB6-AEA3-63A59E3052E8}.Release|Any CPU.ActiveCfg = Release|Any CPU
		{12C8A9ED-3DFB-4BB6-AEA3-63A59E3052E8}.Release|Any CPU.Build.0 = Release|Any CPU
		{12C8A9ED-3DFB-4BB6-AEA3-63A59E3052E8}.Release|Any CPU.Deploy.0 = Release|Any CPU
		{FE1BD178-07F3-4A98-9B0E-41167873A4C1}.Debug|Any CPU.ActiveCfg = Debug|Any CPU
		{FE1BD178-07F3-4A98-9B0E-41167873A4C1}.Debug|Any CPU.Build.0 = Debug|Any CPU
		{FE1BD178-07F3-4A98-9B0E-41167873A4C1}.Release|Any CPU.ActiveCfg = Release|Any CPU
		{FE1BD178-07F3-4A98-9B0E-41167873A4C1}.Release|Any CPU.Build.0 = Release|Any CPU
	EndGlobalSection
	GlobalSection(SolutionProperties) = preSolution
		HideSolutionNode = FALSE
	EndGlobalSection
	GlobalSection(ExtensibilityGlobals) = postSolution
		SolutionGuid = {15C0F1DA-5508-4D61-BBA4-8FAD0598968F}
	EndGlobalSection
EndGlobal
